
Microsoft Visual Studio Solution File, Format Version 12.00
# Visual Studio 15
VisualStudioVersion = 15.0.28307.572
MinimumVisualStudioVersion = 10.0.40219.1
Project("{FAE04EC0-301F-11D3-BF4B-00C04F79EFBC}") = "Sales", "Sales\Sales.csproj", "{DDE02822-65F3-4D7B-A149-C6B5EBE0A53B}"
EndProject
Global
	GlobalSection(SolutionConfigurationPlatforms) = preSolution
		Debug|Any CPU = Debug|Any CPU
		Release|Any CPU = Release|Any CPU
	EndGlobalSection
	GlobalSection(ProjectConfigurationPlatforms) = postSolution
		{DDE02822-65F3-4D7B-A149-C6B5EBE0A53B}.Debug|Any CPU.ActiveCfg = Debug|Any CPU
		{DDE02822-65F3-4D7B-A149-C6B5EBE0A53B}.Debug|Any CPU.Build.0 = Debug|Any CPU
		{DDE02822-65F3-4D7B-A149-C6B5EBE0A53B}.Release|Any CPU.ActiveCfg = Release|Any CPU
		{DDE02822-65F3-4D7B-A149-C6B5EBE0A53B}.Release|Any CPU.Build.0 = Release|Any CPU
	EndGlobalSection
	GlobalSection(SolutionProperties) = preSolution
		HideSolutionNode = FALSE
	EndGlobalSection
	GlobalSection(ExtensibilityGlobals) = postSolution
		SolutionGuid = {3F782373-AD6B-410F-A0BA-525E2C876B7A}
	EndGlobalSection
EndGlobal
